// !$*UTF8*$!
{
	archiveVersion = 1;
	classes = {
	};
	objectVersion = 56;
	objects = {

/* Begin PBXBuildFile section */
		161368232D3E758E006290B8 /* ChallengeApp.swift in Sources */ = {isa = PBXBuildFile; fileRef = 161368222D3E758E006290B8 /* ChallengeApp.swift */; };
		161368252D3E758E006290B8 /* ContentView.swift in Sources */ = {isa = PBXBuildFile; fileRef = 161368242D3E758E006290B8 /* ContentView.swift */; };
		161368272D3E758F006290B8 /* Assets.xcassets in Resources */ = {isa = PBXBuildFile; fileRef = 161368262D3E758F006290B8 /* Assets.xcassets */; };
		1613682A2D3E758F006290B8 /* Preview Assets.xcassets in Resources */ = {isa = PBXBuildFile; fileRef = 161368292D3E758F006290B8 /* Preview Assets.xcassets */; };
		161368312D3E7624006290B8 /* CatDetailView.swift in Sources */ = {isa = PBXBuildFile; fileRef = 161368302D3E7624006290B8 /* CatDetailView.swift */; };
		161368332D3E76AF006290B8 /* Cat.swift in Sources */ = {isa = PBXBuildFile; fileRef = 161368322D3E76AF006290B8 /* Cat.swift */; };
		161368372D3E79E3006290B8 /* CatListView.swift in Sources */ = {isa = PBXBuildFile; fileRef = 161368362D3E79E3006290B8 /* CatListView.swift */; };
		1613683E2D3E82F2006290B8 /* CatAPIService.swift in Sources */ = {isa = PBXBuildFile; fileRef = 1613683D2D3E82F2006290B8 /* CatAPIService.swift */; };
		161368402D3FC5EC006290B8 /* CatRepository.swift in Sources */ = {isa = PBXBuildFile; fileRef = 1613683F2D3FC5EC006290B8 /* CatRepository.swift */; };
		161368422D3FC653006290B8 /* CatListViewModel.swift in Sources */ = {isa = PBXBuildFile; fileRef = 161368412D3FC653006290B8 /* CatListViewModel.swift */; };
/* End PBXBuildFile section */

/* Begin PBXFileReference section */
		1613681F2D3E758E006290B8 /* Challenge.app */ = {isa = PBXFileReference; explicitFileType = wrapper.application; includeInIndex = 0; path = Challenge.app; sourceTree = BUILT_PRODUCTS_DIR; };
		161368222D3E758E006290B8 /* ChallengeApp.swift */ = {isa = PBXFileReference; lastKnownFileType = sourcecode.swift; path = ChallengeApp.swift; sourceTree = "<group>"; };
		161368242D3E758E006290B8 /* ContentView.swift */ = {isa = PBXFileReference; lastKnownFileType = sourcecode.swift; path = ContentView.swift; sourceTree = "<group>"; };
		161368262D3E758F006290B8 /* Assets.xcassets */ = {isa = PBXFileReference; lastKnownFileType = folder.assetcatalog; path = Assets.xcassets; sourceTree = "<group>"; };
		161368292D3E758F006290B8 /* Preview Assets.xcassets */ = {isa = PBXFileReference; lastKnownFileType = folder.assetcatalog; path = "Preview Assets.xcassets"; sourceTree = "<group>"; };
		161368302D3E7624006290B8 /* CatDetailView.swift */ = {isa = PBXFileReference; lastKnownFileType = sourcecode.swift; path = CatDetailView.swift; sourceTree = "<group>"; };
		161368322D3E76AF006290B8 /* Cat.swift */ = {isa = PBXFileReference; lastKnownFileType = sourcecode.swift; path = Cat.swift; sourceTree = "<group>"; };
		161368362D3E79E3006290B8 /* CatListView.swift */ = {isa = PBXFileReference; lastKnownFileType = sourcecode.swift; path = CatListView.swift; sourceTree = "<group>"; };
		1613683D2D3E82F2006290B8 /* CatAPIService.swift */ = {isa = PBXFileReference; lastKnownFileType = sourcecode.swift; path = CatAPIService.swift; sourceTree = "<group>"; };
		1613683F2D3FC5EC006290B8 /* CatRepository.swift */ = {isa = PBXFileReference; lastKnownFileType = sourcecode.swift; path = CatRepository.swift; sourceTree = "<group>"; };
		161368412D3FC653006290B8 /* CatListViewModel.swift */ = {isa = PBXFileReference; lastKnownFileType = sourcecode.swift; path = CatListViewModel.swift; sourceTree = "<group>"; };
/* End PBXFileReference section */

/* Begin PBXFrameworksBuildPhase section */
		1613681C2D3E758E006290B8 /* Frameworks */ = {
			isa = PBXFrameworksBuildPhase;
			buildActionMask = 2147483647;
			files = (
			);
			runOnlyForDeploymentPostprocessing = 0;
		};
/* End PBXFrameworksBuildPhase section */

/* Begin PBXGroup section */
		161368162D3E758E006290B8 = {
			isa = PBXGroup;
			children = (
				161368212D3E758E006290B8 /* Challenge */,
				161368202D3E758E006290B8 /* Products */,
			);
			sourceTree = "<group>";
		};
		161368202D3E758E006290B8 /* Products */ = {
			isa = PBXGroup;
			children = (
				1613681F2D3E758E006290B8 /* Challenge.app */,
			);
			name = Products;
			sourceTree = "<group>";
		};
		161368212D3E758E006290B8 /* Challenge */ = {
			isa = PBXGroup;
			children = (
				1613683B2D3E819B006290B8 /* App */,
				161368382D3E7C98006290B8 /* Views */,
				161368442D3FC8F2006290B8 /* ViewModels */,
				161368392D3E7CAA006290B8 /* Models */,
				1613683C2D3E81DF006290B8 /* Services */,
				161368432D3FC856006290B8 /* Protocols */,
				161368262D3E758F006290B8 /* Assets.xcassets */,
				161368282D3E758F006290B8 /* Preview Content */,
			);
			path = Challenge;
			sourceTree = "<group>";
		};
		161368282D3E758F006290B8 /* Preview Content */ = {
			isa = PBXGroup;
			children = (
				161368292D3E758F006290B8 /* Preview Assets.xcassets */,
			);
			path = "Preview Content";
			sourceTree = "<group>";
		};
		161368382D3E7C98006290B8 /* Views */ = {
			isa = PBXGroup;
			children = (
				161368242D3E758E006290B8 /* ContentView.swift */,
				161368362D3E79E3006290B8 /* CatListView.swift */,
				161368302D3E7624006290B8 /* CatDetailView.swift */,
			);
			path = Views;
			sourceTree = "<group>";
		};
		161368392D3E7CAA006290B8 /* Models */ = {
			isa = PBXGroup;
			children = (
				161368322D3E76AF006290B8 /* Cat.swift */,
			);
			path = Models;
			sourceTree = "<group>";
		};
		1613683B2D3E819B006290B8 /* App */ = {
			isa = PBXGroup;
			children = (
				161368222D3E758E006290B8 /* ChallengeApp.swift */,
			);
			path = App;
			sourceTree = "<group>";
		};
		1613683C2D3E81DF006290B8 /* Services */ = {
			isa = PBXGroup;
			children = (
				1613683D2D3E82F2006290B8 /* CatAPIService.swift */,
			);
			path = Services;
			sourceTree = "<group>";
		};
		161368432D3FC856006290B8 /* Protocols */ = {
			isa = PBXGroup;
			children = (
				1613683F2D3FC5EC006290B8 /* CatRepository.swift */,
			);
			path = Protocols;
			sourceTree = "<group>";
		};
		161368442D3FC8F2006290B8 /* ViewModels */ = {
			isa = PBXGroup;
			children = (
				161368412D3FC653006290B8 /* CatListViewModel.swift */,
			);
			path = ViewModels;
			sourceTree = "<group>";
		};
/* End PBXGroup section */

/* Begin PBXNativeTarget section */
		1613681E2D3E758E006290B8 /* Challenge */ = {
			isa = PBXNativeTarget;
			buildConfigurationList = 1613682D2D3E758F006290B8 /* Build configuration list for PBXNativeTarget "Challenge" */;
			buildPhases = (
				1613681B2D3E758E006290B8 /* Sources */,
				1613681C2D3E758E006290B8 /* Frameworks */,
				1613681D2D3E758E006290B8 /* Resources */,
			);
			buildRules = (
			);
			dependencies = (
			);
			name = Challenge;
			productName = Challenge;
			productReference = 1613681F2D3E758E006290B8 /* Challenge.app */;
			productType = "com.apple.product-type.application";
		};
/* End PBXNativeTarget section */

/* Begin PBXProject section */
		161368172D3E758E006290B8 /* Project object */ = {
			isa = PBXProject;
			attributes = {
				BuildIndependentTargetsInParallel = 1;
				LastSwiftUpdateCheck = 1520;
				LastUpgradeCheck = 1520;
				TargetAttributes = {
					1613681E2D3E758E006290B8 = {
						CreatedOnToolsVersion = 15.2;
					};
				};
			};
			buildConfigurationList = 1613681A2D3E758E006290B8 /* Build configuration list for PBXProject "Challenge" */;
			compatibilityVersion = "Xcode 14.0";
			developmentRegion = en;
			hasScannedForEncodings = 0;
			knownRegions = (
				en,
				Base,
			);
			mainGroup = 161368162D3E758E006290B8;
			productRefGroup = 161368202D3E758E006290B8 /* Products */;
			projectDirPath = "";
			projectRoot = "";
			targets = (
				1613681E2D3E758E006290B8 /* Challenge */,
			);
		};
/* End PBXProject section */

/* Begin PBXResourcesBuildPhase section */
		1613681D2D3E758E006290B8 /* Resources */ = {
			isa = PBXResourcesBuildPhase;
			buildActionMask = 2147483647;
			files = (
				1613682A2D3E758F006290B8 /* Preview Assets.xcassets in Resources */,
				161368272D3E758F006290B8 /* Assets.xcassets in Resources */,
			);
			runOnlyForDeploymentPostprocessing = 0;
		};
/* End PBXResourcesBuildPhase section */

/* Begin PBXSourcesBuildPhase section */
		1613681B2D3E758E006290B8 /* Sources */ = {
			isa = PBXSourcesBuildPhase;
			buildActionMask = 2147483647;
			files = (
				161368332D3E76AF006290B8 /* Cat.swift in Sources */,
				161368422D3FC653006290B8 /* CatListViewModel.swift in Sources */,
				161368372D3E79E3006290B8 /* CatListView.swift in Sources */,
				161368252D3E758E006290B8 /* ContentView.swift in Sources */,
				1613683E2D3E82F2006290B8 /* CatAPIService.swift in Sources */,
				161368402D3FC5EC006290B8 /* CatRepository.swift in Sources */,
				161368312D3E7624006290B8 /* CatDetailView.swift in Sources */,
				161368232D3E758E006290B8 /* ChallengeApp.swift in Sources */,
			);
			runOnlyForDeploymentPostprocessing = 0;
		};
/* End PBXSourcesBuildPhase section */

/* Begin XCBuildConfiguration section */
		1613682B2D3E758F006290B8 /* Debug */ = {
			isa = XCBuildConfiguration;
			buildSettings = {
				ALWAYS_SEARCH_USER_PATHS = NO;
				ASSETCATALOG_COMPILER_GENERATE_SWIFT_ASSET_SYMBOL_EXTENSIONS = YES;
				CLANG_ANALYZER_NONNULL = YES;
				CLANG_ANALYZER_NUMBER_OBJECT_CONVERSION = YES_AGGRESSIVE;
				CLANG_CXX_LANGUAGE_STANDARD = "gnu++20";
				CLANG_ENABLE_MODULES = YES;
				CLANG_ENABLE_OBJC_ARC = YES;
				CLANG_ENABLE_OBJC_WEAK = YES;
				CLANG_WARN_BLOCK_CAPTURE_AUTORELEASING = YES;
				CLANG_WARN_BOOL_CONVERSION = YES;
				CLANG_WARN_COMMA = YES;
				CLANG_WARN_CONSTANT_CONVERSION = YES;
				CLANG_WARN_DEPRECATED_OBJC_IMPLEMENTATIONS = YES;
				CLANG_WARN_DIRECT_OBJC_ISA_USAGE = YES_ERROR;
				CLANG_WARN_DOCUMENTATION_COMMENTS = YES;
				CLANG_WARN_EMPTY_BODY = YES;
				CLANG_WARN_ENUM_CONVERSION = YES;
				CLANG_WARN_INFINITE_RECURSION = YES;
				CLANG_WARN_INT_CONVERSION = YES;
				CLANG_WARN_NON_LITERAL_NULL_CONVERSION = YES;
				CLANG_WARN_OBJC_IMPLICIT_RETAIN_SELF = YES;
				CLANG_WARN_OBJC_LITERAL_CONVERSION = YES;
				CLANG_WARN_OBJC_ROOT_CLASS = YES_ERROR;
				CLANG_WARN_QUOTED_INCLUDE_IN_FRAMEWORK_HEADER = YES;
				CLANG_WARN_RANGE_LOOP_ANALYSIS = YES;
				CLANG_WARN_STRICT_PROTOTYPES = YES;
				CLANG_WARN_SUSPICIOUS_MOVE = YES;
				CLANG_WARN_UNGUARDED_AVAILABILITY = YES_AGGRESSIVE;
				CLANG_WARN_UNREACHABLE_CODE = YES;
				CLANG_WARN__DUPLICATE_METHOD_MATCH = YES;
				COPY_PHASE_STRIP = NO;
				DEBUG_INFORMATION_FORMAT = dwarf;
				ENABLE_STRICT_OBJC_MSGSEND = YES;
				ENABLE_TESTABILITY = YES;
				ENABLE_USER_SCRIPT_SANDBOXING = YES;
				GCC_C_LANGUAGE_STANDARD = gnu17;
				GCC_DYNAMIC_NO_PIC = NO;
				GCC_NO_COMMON_BLOCKS = YES;
				GCC_OPTIMIZATION_LEVEL = 0;
				GCC_PREPROCESSOR_DEFINITIONS = (
					"DEBUG=1",
					"$(inherited)",
				);
				GCC_WARN_64_TO_32_BIT_CONVERSION = YES;
				GCC_WARN_ABOUT_RETURN_TYPE = YES_ERROR;
				GCC_WARN_UNDECLARED_SELECTOR = YES;
				GCC_WARN_UNINITIALIZED_AUTOS = YES_AGGRESSIVE;
				GCC_WARN_UNUSED_FUNCTION = YES;
				GCC_WARN_UNUSED_VARIABLE = YES;
				IPHONEOS_DEPLOYMENT_TARGET = 17.2;
				LOCALIZATION_PREFERS_STRING_CATALOGS = YES;
				MTL_ENABLE_DEBUG_INFO = INCLUDE_SOURCE;
				MTL_FAST_MATH = YES;
				ONLY_ACTIVE_ARCH = YES;
				SDKROOT = iphoneos;
				SWIFT_ACTIVE_COMPILATION_CONDITIONS = "DEBUG $(inherited)";
				SWIFT_OPTIMIZATION_LEVEL = "-Onone";
			};
			name = Debug;
		};
		1613682C2D3E758F006290B8 /* Release */ = {
			isa = XCBuildConfiguration;
			buildSettings = {
				ALWAYS_SEARCH_USER_PATHS = NO;
				ASSETCATALOG_COMPILER_GENERATE_SWIFT_ASSET_SYMBOL_EXTENSIONS = YES;
				CLANG_ANALYZER_NONNULL = YES;
				CLANG_ANALYZER_NUMBER_OBJECT_CONVERSION = YES_AGGRESSIVE;
				CLANG_CXX_LANGUAGE_STANDARD = "gnu++20";
				CLANG_ENABLE_MODULES = YES;
				CLANG_ENABLE_OBJC_ARC = YES;
				CLANG_ENABLE_OBJC_WEAK = YES;
				CLANG_WARN_BLOCK_CAPTURE_AUTORELEASING = YES;
				CLANG_WARN_BOOL_CONVERSION = YES;
				CLANG_WARN_COMMA = YES;
				CLANG_WARN_CONSTANT_CONVERSION = YES;
				CLANG_WARN_DEPRECATED_OBJC_IMPLEMENTATIONS = YES;
				CLANG_WARN_DIRECT_OBJC_ISA_USAGE = YES_ERROR;
				CLANG_WARN_DOCUMENTATION_COMMENTS = YES;
				CLANG_WARN_EMPTY_BODY = YES;
				CLANG_WARN_ENUM_CONVERSION = YES;
				CLANG_WARN_INFINITE_RECURSION = YES;
				CLANG_WARN_INT_CONVERSION = YES;
				CLANG_WARN_NON_LITERAL_NULL_CONVERSION = YES;
				CLANG_WARN_OBJC_IMPLICIT_RETAIN_SELF = YES;
				CLANG_WARN_OBJC_LITERAL_CONVERSION = YES;
				CLANG_WARN_OBJC_ROOT_CLASS = YES_ERROR;
				CLANG_WARN_QUOTED_INCLUDE_IN_FRAMEWORK_HEADER = YES;
				CLANG_WARN_RANGE_LOOP_ANALYSIS = YES;
				CLANG_WARN_STRICT_PROTOTYPES = YES;
				CLANG_WARN_SUSPICIOUS_MOVE = YES;
				CLANG_WARN_UNGUARDED_AVAILABILITY = YES_AGGRESSIVE;
				CLANG_WARN_UNREACHABLE_CODE = YES;
				CLANG_WARN__DUPLICATE_METHOD_MATCH = YES;
				COPY_PHASE_STRIP = NO;
				DEBUG_INFORMATION_FORMAT = "dwarf-with-dsym";
				ENABLE_NS_ASSERTIONS = NO;
				ENABLE_STRICT_OBJC_MSGSEND = YES;
				ENABLE_USER_SCRIPT_SANDBOXING = YES;
				GCC_C_LANGUAGE_STANDARD = gnu17;
				GCC_NO_COMMON_BLOCKS = YES;
				GCC_WARN_64_TO_32_BIT_CONVERSION = YES;
				GCC_WARN_ABOUT_RETURN_TYPE = YES_ERROR;
				GCC_WARN_UNDECLARED_SELECTOR = YES;
				GCC_WARN_UNINITIALIZED_AUTOS = YES_AGGRESSIVE;
				GCC_WARN_UNUSED_FUNCTION = YES;
				GCC_WARN_UNUSED_VARIABLE = YES;
				IPHONEOS_DEPLOYMENT_TARGET = 17.2;
				LOCALIZATION_PREFERS_STRING_CATALOGS = YES;
				MTL_ENABLE_DEBUG_INFO = NO;
				MTL_FAST_MATH = YES;
				SDKROOT = iphoneos;
				SWIFT_COMPILATION_MODE = wholemodule;
				VALIDATE_PRODUCT = YES;
			};
			name = Release;
		};
		1613682E2D3E758F006290B8 /* Debug */ = {
			isa = XCBuildConfiguration;
			buildSettings = {
				ASSETCATALOG_COMPILER_APPICON_NAME = AppIcon;
				ASSETCATALOG_COMPILER_GLOBAL_ACCENT_COLOR_NAME = AccentColor;
				CODE_SIGN_STYLE = Automatic;
				CURRENT_PROJECT_VERSION = 1;
				DEVELOPMENT_ASSET_PATHS = "\"Challenge/Preview Content\"";
				DEVELOPMENT_TEAM = F4J68BQ5VP;
				ENABLE_PREVIEWS = YES;
				GENERATE_INFOPLIST_FILE = YES;
				INFOPLIST_KEY_UIApplicationSceneManifest_Generation = YES;
				INFOPLIST_KEY_UIApplicationSupportsIndirectInputEvents = YES;
				INFOPLIST_KEY_UILaunchScreen_Generation = YES;
				INFOPLIST_KEY_UISupportedInterfaceOrientations_iPad = "UIInterfaceOrientationPortrait UIInterfaceOrientationPortraitUpsideDown UIInterfaceOrientationLandscapeLeft UIInterfaceOrientationLandscapeRight";
				INFOPLIST_KEY_UISupportedInterfaceOrientations_iPhone = "UIInterfaceOrientationPortrait UIInterfaceOrientationLandscapeLeft UIInterfaceOrientationLandscapeRight";
				LD_RUNPATH_SEARCH_PATHS = (
					"$(inherited)",
					"@executable_path/Frameworks",
				);
				MARKETING_VERSION = 1.0;
				PRODUCT_BUNDLE_IDENTIFIER = santos.Challenge;
				PRODUCT_NAME = "$(TARGET_NAME)";
				SWIFT_EMIT_LOC_STRINGS = YES;
				SWIFT_VERSION = 5.0;
				TARGETED_DEVICE_FAMILY = "1,2";
			};
			name = Debug;
		};
		1613682F2D3E758F006290B8 /* Release */ = {
			isa = XCBuildConfiguration;
			buildSettings = {
				ASSETCATALOG_COMPILER_APPICON_NAME = AppIcon;
				ASSETCATALOG_COMPILER_GLOBAL_ACCENT_COLOR_NAME = AccentColor;
				CODE_SIGN_STYLE = Automatic;
				CURRENT_PROJECT_VERSION = 1;
				DEVELOPMENT_ASSET_PATHS = "\"Challenge/Preview Content\"";
				DEVELOPMENT_TEAM = F4J68BQ5VP;
				ENABLE_PREVIEWS = YES;
				GENERATE_INFOPLIST_FILE = YES;
				INFOPLIST_KEY_UIApplicationSceneManifest_Generation = YES;
				INFOPLIST_KEY_UIApplicationSupportsIndirectInputEvents = YES;
				INFOPLIST_KEY_UILaunchScreen_Generation = YES;
				INFOPLIST_KEY_UISupportedInterfaceOrientations_iPad = "UIInterfaceOrientationPortrait UIInterfaceOrientationPortraitUpsideDown UIInterfaceOrientationLandscapeLeft UIInterfaceOrientationLandscapeRight";
				INFOPLIST_KEY_UISupportedInterfaceOrientations_iPhone = "UIInterfaceOrientationPortrait UIInterfaceOrientationLandscapeLeft UIInterfaceOrientationLandscapeRight";
				LD_RUNPATH_SEARCH_PATHS = (
					"$(inherited)",
					"@executable_path/Frameworks",
				);
				MARKETING_VERSION = 1.0;
				PRODUCT_BUNDLE_IDENTIFIER = santos.Challenge;
				PRODUCT_NAME = "$(TARGET_NAME)";
				SWIFT_EMIT_LOC_STRINGS = YES;
				SWIFT_VERSION = 5.0;
				TARGETED_DEVICE_FAMILY = "1,2";
			};
			name = Release;
		};
/* End XCBuildConfiguration section */

/* Begin XCConfigurationList section */
		1613681A2D3E758E006290B8 /* Build configuration list for PBXProject "Challenge" */ = {
			isa = XCConfigurationList;
			buildConfigurations = (
				1613682B2D3E758F006290B8 /* Debug */,
				1613682C2D3E758F006290B8 /* Release */,
			);
			defaultConfigurationIsVisible = 0;
			defaultConfigurationName = Release;
		};
		1613682D2D3E758F006290B8 /* Build configuration list for PBXNativeTarget "Challenge" */ = {
			isa = XCConfigurationList;
			buildConfigurations = (
				1613682E2D3E758F006290B8 /* Debug */,
				1613682F2D3E758F006290B8 /* Release */,
			);
			defaultConfigurationIsVisible = 0;
			defaultConfigurationName = Release;
		};
/* End XCConfigurationList section */
	};
	rootObject = 161368172D3E758E006290B8 /* Project object */;
}
